
Microsoft Visual Studio Solution File, Format Version 12.00
# Visual Studio Version 16
VisualStudioVersion = 16.0.30517.126
MinimumVisualStudioVersion = 10.0.40219.1
Project("{8BC9CEB8-8B4A-11D0-8D11-00A0C91BC942}") = "TemplatesLab", "TemplatesLab\TemplatesLab.vcxproj", "{F597502E-DEA6-4230-A7B3-E6DE043EB7BC}"
EndProject
Global
	GlobalSection(SolutionConfigurationPlatforms) = preSolution
		Debug|x64 = Debug|x64
		Debug|x86 = Debug|x86
		Release|x64 = Release|x64
		Release|x86 = Release|x86
	EndGlobalSection
	GlobalSection(ProjectConfigurationPlatforms) = postSolution
		{F597502E-DEA6-4230-A7B3-E6DE043EB7BC}.Debug|x64.ActiveCfg = Debug|x64
		{F597502E-DEA6-4230-A7B3-E6DE043EB7BC}.Debug|x64.Build.0 = Debug|x64
		{F597502E-DEA6-4230-A7B3-E6DE043EB7BC}.Debug|x86.ActiveCfg = Debug|Win32
		{F597502E-DEA6-4230-A7B3-E6DE043EB7BC}.Debug|x86.Build.0 = Debug|Win32
		{F597502E-DEA6-4230-A7B3-E6DE043EB7BC}.Release|x64.ActiveCfg = Release|x64
		{F597502E-DEA6-4230-A7B3-E6DE043EB7BC}.Release|x64.Build.0 = Release|x64
		{F597502E-DEA6-4230-A7B3-E6DE043EB7BC}.Release|x86.ActiveCfg = Release|Win32
		{F597502E-DEA6-4230-A7B3-E6DE043EB7BC}.Release|x86.Build.0 = Release|Win32
	EndGlobalSection
	GlobalSection(SolutionProperties) = preSolution
		HideSolutionNode = FALSE
	EndGlobalSection
	GlobalSection(ExtensibilityGlobals) = postSolution
		SolutionGuid = {99BD89B1-934F-4696-A6AC-ED26FF9195B2}
	EndGlobalSection
EndGlobal
